
Microsoft Visual Studio Solution File, Format Version 12.00
# Visual Studio Version 16
VisualStudioVersion = 16.0.29613.14
MinimumVisualStudioVersion = 10.0.40219.1
Project("{9A19103F-16F7-4668-BE54-9A1E7A4F7556}") = "AzureToDoListApi", "AzureToDoListApi\AzureToDoListApi.csproj", "{004195D1-A9B8-446D-A13D-6A09254BFDB7}"
EndProject
Global
	GlobalSection(SolutionConfigurationPlatforms) = preSolution
		Debug|Any CPU = Debug|Any CPU
		Release|Any CPU = Release|Any CPU
	EndGlobalSection
	GlobalSection(ProjectConfigurationPlatforms) = postSolution
		{004195D1-A9B8-446D-A13D-6A09254BFDB7}.Debug|Any CPU.ActiveCfg = Debug|Any CPU
		{004195D1-A9B8-446D-A13D-6A09254BFDB7}.Debug|Any CPU.Build.0 = Debug|Any CPU
		{004195D1-A9B8-446D-A13D-6A09254BFDB7}.Release|Any CPU.ActiveCfg = Release|Any CPU
		{004195D1-A9B8-446D-A13D-6A09254BFDB7}.Release|Any CPU.Build.0 = Release|Any CPU
	EndGlobalSection
	GlobalSection(SolutionProperties) = preSolution
		HideSolutionNode = FALSE
	EndGlobalSection
	GlobalSection(ExtensibilityGlobals) = postSolution
		SolutionGuid = {E7608280-C220-41A9-94E1-6DE4FD64C144}
	EndGlobalSection
EndGlobal
